
Microsoft Visual Studio Solution File, Format Version 12.00
# Visual Studio Version 17
VisualStudioVersion = 17.1.32414.318
MinimumVisualStudioVersion = 10.0.40219.1
Project("{9A19103F-16F7-4668-BE54-9A1E7A4F7556}") = "Gutenberg", "Gutnberg\Gutenberg.csproj", "{49DA2A41-4150-4334-AFB5-EB5E7B2E1594}"
EndProject
Project("{9A19103F-16F7-4668-BE54-9A1E7A4F7556}") = "LearnByDoingCli", "LearnByDoingCli\LearnByDoingCli.csproj", "{CB1122EC-3E82-43E2-A17C-861DB0BA48DD}"
EndProject
Project("{9A19103F-16F7-4668-BE54-9A1E7A4F7556}") = "Alexander", "Alexander\Alexander.csproj", "{09FB1B43-19C3-4224-A2AD-0D4685BADB2B}"
EndProject
Project("{9A19103F-16F7-4668-BE54-9A1E7A4F7556}") = "Mendel", "Mendel\Mendel.csproj", "{CCC37DCB-BD91-4C1F-8BA4-1A4051A3B9DD}"
EndProject
Project("{9A19103F-16F7-4668-BE54-9A1E7A4F7556}") = "TrickieC", "TrickieC\TrickieC.csproj", "{B1EB9F9E-0DE7-403D-B240-527894AFE0D8}"
EndProject
Project("{9A19103F-16F7-4668-BE54-9A1E7A4F7556}") = "Postman", "Postman\Postman.csproj", "{69567987-48E6-41F0-A58A-451EA35114CF}"
EndProject
Project("{FAE04EC0-301F-11D3-BF4B-00C04F79EFBC}") = "CSharpMagic", "CSharpMagic\CSharpMagic.csproj", "{5BCF5301-0D6B-41B7-A864-36C71E5F8992}"
EndProject
Global
	GlobalSection(SolutionConfigurationPlatforms) = preSolution
		Debug|Any CPU = Debug|Any CPU
		Release|Any CPU = Release|Any CPU
	EndGlobalSection
	GlobalSection(ProjectConfigurationPlatforms) = postSolution
		{49DA2A41-4150-4334-AFB5-EB5E7B2E1594}.Debug|Any CPU.ActiveCfg = Debug|Any CPU
		{49DA2A41-4150-4334-AFB5-EB5E7B2E1594}.Debug|Any CPU.Build.0 = Debug|Any CPU
		{49DA2A41-4150-4334-AFB5-EB5E7B2E1594}.Release|Any CPU.ActiveCfg = Release|Any CPU
		{49DA2A41-4150-4334-AFB5-EB5E7B2E1594}.Release|Any CPU.Build.0 = Release|Any CPU
		{CB1122EC-3E82-43E2-A17C-861DB0BA48DD}.Debug|Any CPU.ActiveCfg = Debug|Any CPU
		{CB1122EC-3E82-43E2-A17C-861DB0BA48DD}.Debug|Any CPU.Build.0 = Debug|Any CPU
		{CB1122EC-3E82-43E2-A17C-861DB0BA48DD}.Release|Any CPU.ActiveCfg = Release|Any CPU
		{CB1122EC-3E82-43E2-A17C-861DB0BA48DD}.Release|Any CPU.Build.0 = Release|Any CPU
		{09FB1B43-19C3-4224-A2AD-0D4685BADB2B}.Debug|Any CPU.ActiveCfg = Debug|Any CPU
		{09FB1B43-19C3-4224-A2AD-0D4685BADB2B}.Debug|Any CPU.Build.0 = Debug|Any CPU
		{09FB1B43-19C3-4224-A2AD-0D4685BADB2B}.Release|Any CPU.ActiveCfg = Release|Any CPU
		{09FB1B43-19C3-4224-A2AD-0D4685BADB2B}.Release|Any CPU.Build.0 = Release|Any CPU
		{CCC37DCB-BD91-4C1F-8BA4-1A4051A3B9DD}.Debug|Any CPU.ActiveCfg = Debug|Any CPU
		{CCC37DCB-BD91-4C1F-8BA4-1A4051A3B9DD}.Debug|Any CPU.Build.0 = Debug|Any CPU
		{CCC37DCB-BD91-4C1F-8BA4-1A4051A3B9DD}.Release|Any CPU.ActiveCfg = Release|Any CPU
		{CCC37DCB-BD91-4C1F-8BA4-1A4051A3B9DD}.Release|Any CPU.Build.0 = Release|Any CPU
		{B1EB9F9E-0DE7-403D-B240-527894AFE0D8}.Debug|Any CPU.ActiveCfg = Debug|Any CPU
		{B1EB9F9E-0DE7-403D-B240-527894AFE0D8}.Debug|Any CPU.Build.0 = Debug|Any CPU
		{B1EB9F9E-0DE7-403D-B240-527894AFE0D8}.Release|Any CPU.ActiveCfg = Release|Any CPU
		{B1EB9F9E-0DE7-403D-B240-527894AFE0D8}.Release|Any CPU.Build.0 = Release|Any CPU
		{69567987-48E6-41F0-A58A-451EA35114CF}.Debug|Any CPU.ActiveCfg = Debug|Any CPU
		{69567987-48E6-41F0-A58A-451EA35114CF}.Debug|Any CPU.Build.0 = Debug|Any CPU
		{69567987-48E6-41F0-A58A-451EA35114CF}.Release|Any CPU.ActiveCfg = Release|Any CPU
		{69567987-48E6-41F0-A58A-451EA35114CF}.Release|Any CPU.Build.0 = Release|Any CPU
		{5BCF5301-0D6B-41B7-A864-36C71E5F8992}.Debug|Any CPU.ActiveCfg = Debug|Any CPU
		{5BCF5301-0D6B-41B7-A864-36C71E5F8992}.Debug|Any CPU.Build.0 = Debug|Any CPU
		{5BCF5301-0D6B-41B7-A864-36C71E5F8992}.Release|Any CPU.ActiveCfg = Release|Any CPU
		{5BCF5301-0D6B-41B7-A864-36C71E5F8992}.Release|Any CPU.Build.0 = Release|Any CPU
	EndGlobalSection
	GlobalSection(SolutionProperties) = preSolution
		HideSolutionNode = FALSE
	EndGlobalSection
	GlobalSection(ExtensibilityGlobals) = postSolution
		SolutionGuid = {B13F6378-64E0-4E3D-A08D-4EC5F7D63032}
	EndGlobalSection
EndGlobal
